github.com/apple/foundationdb/bindings/go v0.0.0-20210506041500-3ce31cb3476b h1:AiVsRD9ZIMeZBIPq99bBPiAZQdRbeK/uru78OceUnsI=
github.com/apple/foundationdb/bindings/go v0.0.0-20210506041500-3ce31cb3476b/go.mod h1:w63jdZTFCtvdjsUj5yrdKgjxaAD5uXQX6hJ7EaiLFRs=
golang.org/x/xerrors v0.0.0-20191204190536-9bdfabe68543/go.mod h1:I/5z698sn9Ka8TeJc9MKroUUfqBBauWjQqLJ2OPfmY0=
